// !$*UTF8*$!
{
	archiveVersion = 1;
	classes = {
	};
	objectVersion = 51;
	objects = {

/* Begin PBXBuildFile section */
		2B0818002621BC4A00DC2C65 /* AppDelegate.swift in Sources */ = {isa = PBXBuildFile; fileRef = 2B0817FF2621BC4A00DC2C65 /* AppDelegate.swift */; };
		2B0818022621BC4A00DC2C65 /* SceneDelegate.swift in Sources */ = {isa = PBXBuildFile; fileRef = 2B0818012621BC4A00DC2C65 /* SceneDelegate.swift */; };
		2B0818072621BC4A00DC2C65 /* Main.storyboard in Resources */ = {isa = PBXBuildFile; fileRef = 2B0818052621BC4A00DC2C65 /* Main.storyboard */; };
		2B0818092621BC4B00DC2C65 /* Assets.xcassets in Resources */ = {isa = PBXBuildFile; fileRef = 2B0818082621BC4B00DC2C65 /* Assets.xcassets */; };
		2B08180C2621BC4B00DC2C65 /* LaunchScreen.storyboard in Resources */ = {isa = PBXBuildFile; fileRef = 2B08180A2621BC4B00DC2C65 /* LaunchScreen.storyboard */; };
		2B08181D2621C48800DC2C65 /* ApiServices.swift in Sources */ = {isa = PBXBuildFile; fileRef = 2B08181C2621C48800DC2C65 /* ApiServices.swift */; };
		2B51D4C12623A7E600302544 /* RoshtaCodeVerificationViewController+UITextFieldDelegate.swift in Sources */ = {isa = PBXBuildFile; fileRef = 2B51D4C02623A7E600302544 /* RoshtaCodeVerificationViewController+UITextFieldDelegate.swift */; };
		2B92DAF5262365A500AC1A91 /* Localizable.strings in Resources */ = {isa = PBXBuildFile; fileRef = 2B92DAF7262365A500AC1A91 /* Localizable.strings */; };
		2B9C96B9262471D4005945A6 /* DoctorDataTableViewCell.swift in Sources */ = {isa = PBXBuildFile; fileRef = 2B9C96B8262471D4005945A6 /* DoctorDataTableViewCell.swift */; };
		2B9C96BC262471ED005945A6 /* PatientDataTableViewCell.swift in Sources */ = {isa = PBXBuildFile; fileRef = 2B9C96BB262471ED005945A6 /* PatientDataTableViewCell.swift */; };
		2B9C96BF262471FF005945A6 /* RoshtaDataTableViewCell.swift in Sources */ = {isa = PBXBuildFile; fileRef = 2B9C96BE262471FF005945A6 /* RoshtaDataTableViewCell.swift */; };
		2B9C96C22624735C005945A6 /* RoshtaCodeVerificationViewController+PatientRoshtaTableViewDelegats.swift in Sources */ = {isa = PBXBuildFile; fileRef = 2B9C96C12624735C005945A6 /* RoshtaCodeVerificationViewController+PatientRoshtaTableViewDelegats.swift */; };
		2B9C96C72624785F005945A6 /* RoshtaTableDataTableViewCell.swift in Sources */ = {isa = PBXBuildFile; fileRef = 2B9C96C62624785F005945A6 /* RoshtaTableDataTableViewCell.swift */; };
		2B9D9DF32621CAFA00272CEA /* Details.swift in Sources */ = {isa = PBXBuildFile; fileRef = 2B9D9DF22621CAFA00272CEA /* Details.swift */; };
		2B9D9DF62621CB5600272CEA /* Products.swift in Sources */ = {isa = PBXBuildFile; fileRef = 2B9D9DF52621CB5600272CEA /* Products.swift */; };
		2B9D9DF92621CB7B00272CEA /* Rosheta.swift in Sources */ = {isa = PBXBuildFile; fileRef = 2B9D9DF82621CB7B00272CEA /* Rosheta.swift */; };
		2B9D9DFC2621CC6400272CEA /* PharmacyPatientData.swift in Sources */ = {isa = PBXBuildFile; fileRef = 2B9D9DFB2621CC6400272CEA /* PharmacyPatientData.swift */; };
		2B9D9DFF2621CD6500272CEA /* RoshtaCodeVerificationViewController.swift in Sources */ = {isa = PBXBuildFile; fileRef = 2B9D9DFE2621CD6500272CEA /* RoshtaCodeVerificationViewController.swift */; };
		2B9D9E022621CD8200272CEA /* VerificationPresenter.swift in Sources */ = {isa = PBXBuildFile; fileRef = 2B9D9E012621CD8200272CEA /* VerificationPresenter.swift */; };
		2B9D9E062621D0F200272CEA /* ApiURLs.swift in Sources */ = {isa = PBXBuildFile; fileRef = 2B9D9E052621D0F200272CEA /* ApiURLs.swift */; };
		2B9D9E0B2621D64600272CEA /* MainColors.swift in Sources */ = {isa = PBXBuildFile; fileRef = 2B9D9E0A2621D64600272CEA /* MainColors.swift */; };
		2B9D9E0E2621EEB200272CEA /* UIElementExtentions.swift in Sources */ = {isa = PBXBuildFile; fileRef = 2B9D9E0D2621EEB200272CEA /* UIElementExtentions.swift */; };
		2BCABAFA26230DE100191747 /* ActivityIndicator.swift in Sources */ = {isa = PBXBuildFile; fileRef = 2BCABAF926230DE100191747 /* ActivityIndicator.swift */; };
		96750F6174F7E3632B868ADF /* Pods_MedicalApplication.framework in Frameworks */ = {isa = PBXBuildFile; fileRef = 1EB3E6FCC5B24FC54B500A78 /* Pods_MedicalApplication.framework */; };
/* End PBXBuildFile section */

/* Begin PBXFileReference section */
		1EB3E6FCC5B24FC54B500A78 /* Pods_MedicalApplication.framework */ = {isa = PBXFileReference; explicitFileType = wrapper.framework; includeInIndex = 0; path = Pods_MedicalApplication.framework; sourceTree = BUILT_PRODUCTS_DIR; };
		2B0817FC2621BC4A00DC2C65 /* MedicalApplication.app */ = {isa = PBXFileReference; explicitFileType = wrapper.application; includeInIndex = 0; path = MedicalApplication.app; sourceTree = BUILT_PRODUCTS_DIR; };
		2B0817FF2621BC4A00DC2C65 /* AppDelegate.swift */ = {isa = PBXFileReference; lastKnownFileType = sourcecode.swift; path = AppDelegate.swift; sourceTree = "<group>"; };
		2B0818012621BC4A00DC2C65 /* SceneDelegate.swift */ = {isa = PBXFileReference; lastKnownFileType = sourcecode.swift; path = SceneDelegate.swift; sourceTree = "<group>"; };
		2B0818062621BC4A00DC2C65 /* Base */ = {isa = PBXFileReference; lastKnownFileType = file.storyboard; name = Base; path = Base.lproj/Main.storyboard; sourceTree = "<group>"; };
		2B0818082621BC4B00DC2C65 /* Assets.xcassets */ = {isa = PBXFileReference; lastKnownFileType = folder.assetcatalog; path = Assets.xcassets; sourceTree = "<group>"; };
		2B08180B2621BC4B00DC2C65 /* Base */ = {isa = PBXFileReference; lastKnownFileType = file.storyboard; name = Base; path = Base.lproj/LaunchScreen.storyboard; sourceTree = "<group>"; };
		2B08180D2621BC4B00DC2C65 /* Info.plist */ = {isa = PBXFileReference; lastKnownFileType = text.plist.xml; path = Info.plist; sourceTree = "<group>"; };
		2B08181C2621C48800DC2C65 /* ApiServices.swift */ = {isa = PBXFileReference; lastKnownFileType = sourcecode.swift; path = ApiServices.swift; sourceTree = "<group>"; };
		2B51D4C02623A7E600302544 /* RoshtaCodeVerificationViewController+UITextFieldDelegate.swift */ = {isa = PBXFileReference; lastKnownFileType = sourcecode.swift; path = "RoshtaCodeVerificationViewController+UITextFieldDelegate.swift"; sourceTree = "<group>"; };
		2B92DAF6262365A500AC1A91 /* en */ = {isa = PBXFileReference; lastKnownFileType = text.plist.strings; name = en; path = en.lproj/Localizable.strings; sourceTree = "<group>"; };
		2B92DAF9262365C800AC1A91 /* ar-EG */ = {isa = PBXFileReference; lastKnownFileType = text.plist.strings; name = "ar-EG"; path = "ar-EG.lproj/Main.strings"; sourceTree = "<group>"; };
		2B92DAFA262365C800AC1A91 /* ar-EG */ = {isa = PBXFileReference; lastKnownFileType = text.plist.strings; name = "ar-EG"; path = "ar-EG.lproj/Localizable.strings"; sourceTree = "<group>"; };
		2B9C96B8262471D4005945A6 /* DoctorDataTableViewCell.swift */ = {isa = PBXFileReference; lastKnownFileType = sourcecode.swift; path = DoctorDataTableViewCell.swift; sourceTree = "<group>"; };
		2B9C96BB262471ED005945A6 /* PatientDataTableViewCell.swift */ = {isa = PBXFileReference; lastKnownFileType = sourcecode.swift; path = PatientDataTableViewCell.swift; sourceTree = "<group>"; };
		2B9C96BE262471FF005945A6 /* RoshtaDataTableViewCell.swift */ = {isa = PBXFileReference; lastKnownFileType = sourcecode.swift; path = RoshtaDataTableViewCell.swift; sourceTree = "<group>"; };
		2B9C96C12624735C005945A6 /* RoshtaCodeVerificationViewController+PatientRoshtaTableViewDelegats.swift */ = {isa = PBXFileReference; lastKnownFileType = sourcecode.swift; path = "RoshtaCodeVerificationViewController+PatientRoshtaTableViewDelegats.swift"; sourceTree = "<group>"; };
		2B9C96C62624785F005945A6 /* RoshtaTableDataTableViewCell.swift */ = {isa = PBXFileReference; lastKnownFileType = sourcecode.swift; path = RoshtaTableDataTableViewCell.swift; sourceTree = "<group>"; };
		2B9D9DF22621CAFA00272CEA /* Details.swift */ = {isa = PBXFileReference; lastKnownFileType = sourcecode.swift; path = Details.swift; sourceTree = "<group>"; };
		2B9D9DF52621CB5600272CEA /* Products.swift */ = {isa = PBXFileReference; lastKnownFileType = sourcecode.swift; path = Products.swift; sourceTree = "<group>"; };
		2B9D9DF82621CB7B00272CEA /* Rosheta.swift */ = {isa = PBXFileReference; lastKnownFileType = sourcecode.swift; path = Rosheta.swift; sourceTree = "<group>"; };
		2B9D9DFB2621CC6400272CEA /* PharmacyPatientData.swift */ = {isa = PBXFileReference; lastKnownFileType = sourcecode.swift; path = PharmacyPatientData.swift; sourceTree = "<group>"; };
		2B9D9DFE2621CD6500272CEA /* RoshtaCodeVerificationViewController.swift */ = {isa = PBXFileReference; lastKnownFileType = sourcecode.swift; path = RoshtaCodeVerificationViewController.swift; sourceTree = "<group>"; };
		2B9D9E012621CD8200272CEA /* VerificationPresenter.swift */ = {isa = PBXFileReference; lastKnownFileType = sourcecode.swift; path = VerificationPresenter.swift; sourceTree = "<group>"; };
		2B9D9E052621D0F200272CEA /* ApiURLs.swift */ = {isa = PBXFileReference; lastKnownFileType = sourcecode.swift; path = ApiURLs.swift; sourceTree = "<group>"; };
		2B9D9E0A2621D64600272CEA /* MainColors.swift */ = {isa = PBXFileReference; lastKnownFileType = sourcecode.swift; path = MainColors.swift; sourceTree = "<group>"; };
		2B9D9E0D2621EEB200272CEA /* UIElementExtentions.swift */ = {isa = PBXFileReference; lastKnownFileType = sourcecode.swift; path = UIElementExtentions.swift; sourceTree = "<group>"; };
		2BCABAF926230DE100191747 /* ActivityIndicator.swift */ = {isa = PBXFileReference; lastKnownFileType = sourcecode.swift; path = ActivityIndicator.swift; sourceTree = "<group>"; };
		95F3379D552450075AA016C4 /* Pods-MedicalApplication.release.xcconfig */ = {isa = PBXFileReference; includeInIndex = 1; lastKnownFileType = text.xcconfig; name = "Pods-MedicalApplication.release.xcconfig"; path = "Target Support Files/Pods-MedicalApplication/Pods-MedicalApplication.release.xcconfig"; sourceTree = "<group>"; };
		BB5484FDAA82C7C9E7606896 /* Pods-MedicalApplication.debug.xcconfig */ = {isa = PBXFileReference; includeInIndex = 1; lastKnownFileType = text.xcconfig; name = "Pods-MedicalApplication.debug.xcconfig"; path = "Target Support Files/Pods-MedicalApplication/Pods-MedicalApplication.debug.xcconfig"; sourceTree = "<group>"; };
/* End PBXFileReference section */

/* Begin PBXFrameworksBuildPhase section */
		2B0817F92621BC4A00DC2C65 /* Frameworks */ = {
			isa = PBXFrameworksBuildPhase;
			buildActionMask = 2147483647;
			files = (
				96750F6174F7E3632B868ADF /* Pods_MedicalApplication.framework in Frameworks */,
			);
			runOnlyForDeploymentPostprocessing = 0;
		};
/* End PBXFrameworksBuildPhase section */

/* Begin PBXGroup section */
		24B84A4D452B7199AE07C187 /* Pods */ = {
			isa = PBXGroup;
			children = (
				BB5484FDAA82C7C9E7606896 /* Pods-MedicalApplication.debug.xcconfig */,
				95F3379D552450075AA016C4 /* Pods-MedicalApplication.release.xcconfig */,
			);
			path = Pods;
			sourceTree = "<group>";
		};
		2B0817F32621BC4A00DC2C65 = {
			isa = PBXGroup;
			children = (
				2B0817FE2621BC4A00DC2C65 /* MedicalApplication */,
				2B0817FD2621BC4A00DC2C65 /* Products */,
				24B84A4D452B7199AE07C187 /* Pods */,
				447CAD1967F9BBB02639B073 /* Frameworks */,
			);
			sourceTree = "<group>";
		};
		2B0817FD2621BC4A00DC2C65 /* Products */ = {
			isa = PBXGroup;
			children = (
				2B0817FC2621BC4A00DC2C65 /* MedicalApplication.app */,
			);
			name = Products;
			sourceTree = "<group>";
		};
		2B0817FE2621BC4A00DC2C65 /* MedicalApplication */ = {
			isa = PBXGroup;
			children = (
				2B0818182621BCAD00DC2C65 /* Delegate */,
				2B9D9E082621D5B900272CEA /* Utils */,
				2B9D9E092621D60500272CEA /* Styles */,
				2B0818172621BC9C00DC2C65 /* Assets */,
				2B08181B2621C45E00DC2C65 /* Network */,
				2B0818162621BC7300DC2C65 /* Model */,
				2B0818152621BC6400DC2C65 /* Presenter */,
				2B92DAF02623656300AC1A91 /* Localization */,
				2B0818142621BC5B00DC2C65 /* View */,
				2B08180D2621BC4B00DC2C65 /* Info.plist */,
			);
			path = MedicalApplication;
			sourceTree = "<group>";
		};
		2B0818142621BC5B00DC2C65 /* View */ = {
			isa = PBXGroup;
			children = (
				2B0818052621BC4A00DC2C65 /* Main.storyboard */,
				2B08180A2621BC4B00DC2C65 /* LaunchScreen.storyboard */,
				2B0818192621C21C00DC2C65 /* Verification */,
			);
			path = View;
			sourceTree = "<group>";
		};
		2B0818152621BC6400DC2C65 /* Presenter */ = {
			isa = PBXGroup;
			children = (
				2B9D9E012621CD8200272CEA /* VerificationPresenter.swift */,
			);
			path = Presenter;
			sourceTree = "<group>";
		};
		2B0818162621BC7300DC2C65 /* Model */ = {
			isa = PBXGroup;
			children = (
				2B9D9DF22621CAFA00272CEA /* Details.swift */,
				2B9D9DF52621CB5600272CEA /* Products.swift */,
				2B9D9DF82621CB7B00272CEA /* Rosheta.swift */,
				2B9D9DFB2621CC6400272CEA /* PharmacyPatientData.swift */,
			);
			path = Model;
			sourceTree = "<group>";
		};
		2B0818172621BC9C00DC2C65 /* Assets */ = {
			isa = PBXGroup;
			children = (
				2B0818082621BC4B00DC2C65 /* Assets.xcassets */,
			);
			path = Assets;
			sourceTree = "<group>";
		};
		2B0818182621BCAD00DC2C65 /* Delegate */ = {
			isa = PBXGroup;
			children = (
				2B0817FF2621BC4A00DC2C65 /* AppDelegate.swift */,
				2B0818012621BC4A00DC2C65 /* SceneDelegate.swift */,
			);
			path = Delegate;
			sourceTree = "<group>";
		};
		2B0818192621C21C00DC2C65 /* Verification */ = {
			isa = PBXGroup;
			children = (
				2B9C96B7262471A6005945A6 /* Cells */,
				2B9D9DFE2621CD6500272CEA /* RoshtaCodeVerificationViewController.swift */,
				2B51D4C02623A7E600302544 /* RoshtaCodeVerificationViewController+UITextFieldDelegate.swift */,
				2B9C96C12624735C005945A6 /* RoshtaCodeVerificationViewController+PatientRoshtaTableViewDelegats.swift */,
			);
			path = Verification;
			sourceTree = "<group>";
		};
		2B08181B2621C45E00DC2C65 /* Network */ = {
			isa = PBXGroup;
			children = (
				2B08181C2621C48800DC2C65 /* ApiServices.swift */,
				2B9D9E052621D0F200272CEA /* ApiURLs.swift */,
			);
			path = Network;
			sourceTree = "<group>";
		};
		2B92DAF02623656300AC1A91 /* Localization */ = {
			isa = PBXGroup;
			children = (
				2B92DAF7262365A500AC1A91 /* Localizable.strings */,
			);
			path = Localization;
			sourceTree = "<group>";
		};
		2B9C96B7262471A6005945A6 /* Cells */ = {
			isa = PBXGroup;
			children = (
				2B9C96C4262477A5005945A6 /* Roshta */,
				2B9C96B8262471D4005945A6 /* DoctorDataTableViewCell.swift */,
				2B9C96BB262471ED005945A6 /* PatientDataTableViewCell.swift */,
				2B9C96C62624785F005945A6 /* RoshtaTableDataTableViewCell.swift */,
			);
			path = Cells;
			sourceTree = "<group>";
		};
		2B9C96C4262477A5005945A6 /* Roshta */ = {
			isa = PBXGroup;
			children = (
				2B9C96BE262471FF005945A6 /* RoshtaDataTableViewCell.swift */,
			);
			path = Roshta;
			sourceTree = "<group>";
		};
		2B9D9E082621D5B900272CEA /* Utils */ = {
			isa = PBXGroup;
			children = (
				2B9D9E0D2621EEB200272CEA /* UIElementExtentions.swift */,
				2BCABAF926230DE100191747 /* ActivityIndicator.swift */,
			);
			path = Utils;
			sourceTree = "<group>";
		};
		2B9D9E092621D60500272CEA /* Styles */ = {
			isa = PBXGroup;
			children = (
				2B9D9E0A2621D64600272CEA /* MainColors.swift */,
			);
			path = Styles;
			sourceTree = "<group>";
		};
		447CAD1967F9BBB02639B073 /* Frameworks */ = {
			isa = PBXGroup;
			children = (
				1EB3E6FCC5B24FC54B500A78 /* Pods_MedicalApplication.framework */,
			);
			name = Frameworks;
			sourceTree = "<group>";
		};
/* End PBXGroup section */

/* Begin PBXNativeTarget section */
		2B0817FB2621BC4A00DC2C65 /* MedicalApplication */ = {
			isa = PBXNativeTarget;
			buildConfigurationList = 2B0818102621BC4B00DC2C65 /* Build configuration list for PBXNativeTarget "MedicalApplication" */;
			buildPhases = (
				9222C5E04A9B65E4BD782C25 /* [CP] Check Pods Manifest.lock */,
				2B0817F82621BC4A00DC2C65 /* Sources */,
				2B0817F92621BC4A00DC2C65 /* Frameworks */,
				2B0817FA2621BC4A00DC2C65 /* Resources */,
				2CEBC284AA8F57BC5ED819E2 /* [CP] Embed Pods Frameworks */,
			);
			buildRules = (
			);
			dependencies = (
			);
			name = MedicalApplication;
			productName = MedicalApplication;
			productReference = 2B0817FC2621BC4A00DC2C65 /* MedicalApplication.app */;
			productType = "com.apple.product-type.application";
		};
/* End PBXNativeTarget section */

/* Begin PBXProject section */
		2B0817F42621BC4A00DC2C65 /* Project object */ = {
			isa = PBXProject;
			attributes = {
				LastSwiftUpdateCheck = 1240;
				LastUpgradeCheck = 1240;
				TargetAttributes = {
					2B0817FB2621BC4A00DC2C65 = {
						CreatedOnToolsVersion = 12.4;
					};
				};
			};
			buildConfigurationList = 2B0817F72621BC4A00DC2C65 /* Build configuration list for PBXProject "MedicalApplication" */;
			compatibilityVersion = "Xcode 9.3";
			developmentRegion = en;
			hasScannedForEncodings = 0;
			knownRegions = (
				en,
				Base,
				"ar-EG",
			);
			mainGroup = 2B0817F32621BC4A00DC2C65;
			productRefGroup = 2B0817FD2621BC4A00DC2C65 /* Products */;
			projectDirPath = "";
			projectRoot = "";
			targets = (
				2B0817FB2621BC4A00DC2C65 /* MedicalApplication */,
			);
		};
/* End PBXProject section */

/* Begin PBXResourcesBuildPhase section */
		2B0817FA2621BC4A00DC2C65 /* Resources */ = {
			isa = PBXResourcesBuildPhase;
			buildActionMask = 2147483647;
			files = (
				2B08180C2621BC4B00DC2C65 /* LaunchScreen.storyboard in Resources */,
				2B92DAF5262365A500AC1A91 /* Localizable.strings in Resources */,
				2B0818092621BC4B00DC2C65 /* Assets.xcassets in Resources */,
				2B0818072621BC4A00DC2C65 /* Main.storyboard in Resources */,
			);
			runOnlyForDeploymentPostprocessing = 0;
		};
/* End PBXResourcesBuildPhase section */

/* Begin PBXShellScriptBuildPhase section */
		2CEBC284AA8F57BC5ED819E2 /* [CP] Embed Pods Frameworks */ = {
			isa = PBXShellScriptBuildPhase;
			buildActionMask = 2147483647;
			files = (
			);
			inputFileListPaths = (
				"${PODS_ROOT}/Target Support Files/Pods-MedicalApplication/Pods-MedicalApplication-frameworks-${CONFIGURATION}-input-files.xcfilelist",
			);
			name = "[CP] Embed Pods Frameworks";
			outputFileListPaths = (
				"${PODS_ROOT}/Target Support Files/Pods-MedicalApplication/Pods-MedicalApplication-frameworks-${CONFIGURATION}-output-files.xcfilelist",
			);
			runOnlyForDeploymentPostprocessing = 0;
			shellPath = /bin/sh;
			shellScript = "\"${PODS_ROOT}/Target Support Files/Pods-MedicalApplication/Pods-MedicalApplication-frameworks.sh\"\n";
			showEnvVarsInLog = 0;
		};
		9222C5E04A9B65E4BD782C25 /* [CP] Check Pods Manifest.lock */ = {
			isa = PBXShellScriptBuildPhase;
			buildActionMask = 2147483647;
			files = (
			);
			inputFileListPaths = (
			);
			inputPaths = (
				"${PODS_PODFILE_DIR_PATH}/Podfile.lock",
				"${PODS_ROOT}/Manifest.lock",
			);
			name = "[CP] Check Pods Manifest.lock";
			outputFileListPaths = (
			);
			outputPaths = (
				"$(DERIVED_FILE_DIR)/Pods-MedicalApplication-checkManifestLockResult.txt",
			);
			runOnlyForDeploymentPostprocessing = 0;
			shellPath = /bin/sh;
			shellScript = "diff \"${PODS_PODFILE_DIR_PATH}/Podfile.lock\" \"${PODS_ROOT}/Manifest.lock\" > /dev/null\nif [ $? != 0 ] ; then\n    # print error to STDERR\n    echo \"error: The sandbox is not in sync with the Podfile.lock. Run 'pod install' or update your CocoaPods installation.\" >&2\n    exit 1\nfi\n# This output is used by Xcode 'outputs' to avoid re-running this script phase.\necho \"SUCCESS\" > \"${SCRIPT_OUTPUT_FILE_0}\"\n";
			showEnvVarsInLog = 0;
		};
/* End PBXShellScriptBuildPhase section */

/* Begin PBXSourcesBuildPhase section */
		2B0817F82621BC4A00DC2C65 /* Sources */ = {
			isa = PBXSourcesBuildPhase;
			buildActionMask = 2147483647;
			files = (
				2B9D9DFC2621CC6400272CEA /* PharmacyPatientData.swift in Sources */,
				2B9D9E0E2621EEB200272CEA /* UIElementExtentions.swift in Sources */,
				2B08181D2621C48800DC2C65 /* ApiServices.swift in Sources */,
				2B9D9DFF2621CD6500272CEA /* RoshtaCodeVerificationViewController.swift in Sources */,
				2BCABAFA26230DE100191747 /* ActivityIndicator.swift in Sources */,
				2B51D4C12623A7E600302544 /* RoshtaCodeVerificationViewController+UITextFieldDelegate.swift in Sources */,
				2B9D9E022621CD8200272CEA /* VerificationPresenter.swift in Sources */,
				2B0818002621BC4A00DC2C65 /* AppDelegate.swift in Sources */,
				2B9D9DF92621CB7B00272CEA /* Rosheta.swift in Sources */,
				2B9C96C22624735C005945A6 /* RoshtaCodeVerificationViewController+PatientRoshtaTableViewDelegats.swift in Sources */,
				2B9C96BF262471FF005945A6 /* RoshtaDataTableViewCell.swift in Sources */,
				2B9D9E062621D0F200272CEA /* ApiURLs.swift in Sources */,
				2B9C96C72624785F005945A6 /* RoshtaTableDataTableViewCell.swift in Sources */,
				2B9D9DF62621CB5600272CEA /* Products.swift in Sources */,
				2B9C96BC262471ED005945A6 /* PatientDataTableViewCell.swift in Sources */,
				2B9D9E0B2621D64600272CEA /* MainColors.swift in Sources */,
				2B9C96B9262471D4005945A6 /* DoctorDataTableViewCell.swift in Sources */,
				2B9D9DF32621CAFA00272CEA /* Details.swift in Sources */,
				2B0818022621BC4A00DC2C65 /* SceneDelegate.swift in Sources */,
			);
			runOnlyForDeploymentPostprocessing = 0;
		};
/* End PBXSourcesBuildPhase section */

/* Begin PBXVariantGroup section */
		2B0818052621BC4A00DC2C65 /* Main.storyboard */ = {
			isa = PBXVariantGroup;
			children = (
				2B0818062621BC4A00DC2C65 /* Base */,
				2B92DAF9262365C800AC1A91 /* ar-EG */,
			);
			name = Main.storyboard;
			sourceTree = "<group>";
		};
		2B08180A2621BC4B00DC2C65 /* LaunchScreen.storyboard */ = {
			isa = PBXVariantGroup;
			children = (
				2B08180B2621BC4B00DC2C65 /* Base */,
			);
			name = LaunchScreen.storyboard;
			sourceTree = "<group>";
		};
		2B92DAF7262365A500AC1A91 /* Localizable.strings */ = {
			isa = PBXVariantGroup;
			children = (
				2B92DAF6262365A500AC1A91 /* en */,
				2B92DAFA262365C800AC1A91 /* ar-EG */,
			);
			name = Localizable.strings;
			sourceTree = "<group>";
		};
/* End PBXVariantGroup section */

/* Begin XCBuildConfiguration section */
		2B08180E2621BC4B00DC2C65 /* Debug */ = {
			isa = XCBuildConfiguration;
			buildSettings = {
				ALWAYS_SEARCH_USER_PATHS = NO;
				CLANG_ANALYZER_LOCALIZABILITY_NONLOCALIZED = YES;
				CLANG_ANALYZER_NONNULL = YES;
				CLANG_ANALYZER_NUMBER_OBJECT_CONVERSION = YES_AGGRESSIVE;
				CLANG_CXX_LANGUAGE_STANDARD = "gnu++14";
				CLANG_CXX_LIBRARY = "libc++";
				CLANG_ENABLE_MODULES = YES;
				CLANG_ENABLE_OBJC_ARC = YES;
				CLANG_ENABLE_OBJC_WEAK = YES;
				CLANG_WARN_BLOCK_CAPTURE_AUTORELEASING = YES;
				CLANG_WARN_BOOL_CONVERSION = YES;
				CLANG_WARN_COMMA = YES;
				CLANG_WARN_CONSTANT_CONVERSION = YES;
				CLANG_WARN_DEPRECATED_OBJC_IMPLEMENTATIONS = YES;
				CLANG_WARN_DIRECT_OBJC_ISA_USAGE = YES_ERROR;
				CLANG_WARN_DOCUMENTATION_COMMENTS = YES;
				CLANG_WARN_EMPTY_BODY = YES;
				CLANG_WARN_ENUM_CONVERSION = YES;
				CLANG_WARN_INFINITE_RECURSION = YES;
				CLANG_WARN_INT_CONVERSION = YES;
				CLANG_WARN_NON_LITERAL_NULL_CONVERSION = YES;
				CLANG_WARN_OBJC_IMPLICIT_RETAIN_SELF = YES;
				CLANG_WARN_OBJC_LITERAL_CONVERSION = YES;
				CLANG_WARN_OBJC_ROOT_CLASS = YES_ERROR;
				CLANG_WARN_QUOTED_INCLUDE_IN_FRAMEWORK_HEADER = YES;
				CLANG_WARN_RANGE_LOOP_ANALYSIS = YES;
				CLANG_WARN_STRICT_PROTOTYPES = YES;
				CLANG_WARN_SUSPICIOUS_MOVE = YES;
				CLANG_WARN_UNGUARDED_AVAILABILITY = YES_AGGRESSIVE;
				CLANG_WARN_UNREACHABLE_CODE = YES;
				CLANG_WARN__DUPLICATE_METHOD_MATCH = YES;
				COPY_PHASE_STRIP = NO;
				DEBUG_INFORMATION_FORMAT = dwarf;
				ENABLE_STRICT_OBJC_MSGSEND = YES;
				ENABLE_TESTABILITY = YES;
				GCC_C_LANGUAGE_STANDARD = gnu11;
				GCC_DYNAMIC_NO_PIC = NO;
				GCC_NO_COMMON_BLOCKS = YES;
				GCC_OPTIMIZATION_LEVEL = 0;
				GCC_PREPROCESSOR_DEFINITIONS = (
					"DEBUG=1",
					"$(inherited)",
				);
				GCC_WARN_64_TO_32_BIT_CONVERSION = YES;
				GCC_WARN_ABOUT_RETURN_TYPE = YES_ERROR;
				GCC_WARN_UNDECLARED_SELECTOR = YES;
				GCC_WARN_UNINITIALIZED_AUTOS = YES_AGGRESSIVE;
				GCC_WARN_UNUSED_FUNCTION = YES;
				GCC_WARN_UNUSED_VARIABLE = YES;
				IPHONEOS_DEPLOYMENT_TARGET = 14.4;
				MTL_ENABLE_DEBUG_INFO = INCLUDE_SOURCE;
				MTL_FAST_MATH = YES;
				ONLY_ACTIVE_ARCH = YES;
				SDKROOT = iphoneos;
				SWIFT_ACTIVE_COMPILATION_CONDITIONS = DEBUG;
				SWIFT_OPTIMIZATION_LEVEL = "-Onone";
			};
			name = Debug;
		};
		2B08180F2621BC4B00DC2C65 /* Release */ = {
			isa = XCBuildConfiguration;
			buildSettings = {
				ALWAYS_SEARCH_USER_PATHS = NO;
				CLANG_ANALYZER_LOCALIZABILITY_NONLOCALIZED = YES;
				CLANG_ANALYZER_NONNULL = YES;
				CLANG_ANALYZER_NUMBER_OBJECT_CONVERSION = YES_AGGRESSIVE;
				CLANG_CXX_LANGUAGE_STANDARD = "gnu++14";
				CLANG_CXX_LIBRARY = "libc++";
				CLANG_ENABLE_MODULES = YES;
				CLANG_ENABLE_OBJC_ARC = YES;
				CLANG_ENABLE_OBJC_WEAK = YES;
				CLANG_WARN_BLOCK_CAPTURE_AUTORELEASING = YES;
				CLANG_WARN_BOOL_CONVERSION = YES;
				CLANG_WARN_COMMA = YES;
				CLANG_WARN_CONSTANT_CONVERSION = YES;
				CLANG_WARN_DEPRECATED_OBJC_IMPLEMENTATIONS = YES;
				CLANG_WARN_DIRECT_OBJC_ISA_USAGE = YES_ERROR;
				CLANG_WARN_DOCUMENTATION_COMMENTS = YES;
				CLANG_WARN_EMPTY_BODY = YES;
				CLANG_WARN_ENUM_CONVERSION = YES;
				CLANG_WARN_INFINITE_RECURSION = YES;
				CLANG_WARN_INT_CONVERSION = YES;
				CLANG_WARN_NON_LITERAL_NULL_CONVERSION = YES;
				CLANG_WARN_OBJC_IMPLICIT_RETAIN_SELF = YES;
				CLANG_WARN_OBJC_LITERAL_CONVERSION = YES;
				CLANG_WARN_OBJC_ROOT_CLASS = YES_ERROR;
				CLANG_WARN_QUOTED_INCLUDE_IN_FRAMEWORK_HEADER = YES;
				CLANG_WARN_RANGE_LOOP_ANALYSIS = YES;
				CLANG_WARN_STRICT_PROTOTYPES = YES;
				CLANG_WARN_SUSPICIOUS_MOVE = YES;
				CLANG_WARN_UNGUARDED_AVAILABILITY = YES_AGGRESSIVE;
				CLANG_WARN_UNREACHABLE_CODE = YES;
				CLANG_WARN__DUPLICATE_METHOD_MATCH = YES;
				COPY_PHASE_STRIP = NO;
				DEBUG_INFORMATION_FORMAT = "dwarf-with-dsym";
				ENABLE_NS_ASSERTIONS = NO;
				ENABLE_STRICT_OBJC_MSGSEND = YES;
				GCC_C_LANGUAGE_STANDARD = gnu11;
				GCC_NO_COMMON_BLOCKS = YES;
				GCC_WARN_64_TO_32_BIT_CONVERSION = YES;
				GCC_WARN_ABOUT_RETURN_TYPE = YES_ERROR;
				GCC_WARN_UNDECLARED_SELECTOR = YES;
				GCC_WARN_UNINITIALIZED_AUTOS = YES_AGGRESSIVE;
				GCC_WARN_UNUSED_FUNCTION = YES;
				GCC_WARN_UNUSED_VARIABLE = YES;
				IPHONEOS_DEPLOYMENT_TARGET = 14.4;
				MTL_ENABLE_DEBUG_INFO = NO;
				MTL_FAST_MATH = YES;
				SDKROOT = iphoneos;
				SWIFT_COMPILATION_MODE = wholemodule;
				SWIFT_OPTIMIZATION_LEVEL = "-O";
				VALIDATE_PRODUCT = YES;
			};
			name = Release;
		};
		2B0818112621BC4B00DC2C65 /* Debug */ = {
			isa = XCBuildConfiguration;
			baseConfigurationReference = BB5484FDAA82C7C9E7606896 /* Pods-MedicalApplication.debug.xcconfig */;
			buildSettings = {
				ASSETCATALOG_COMPILER_APPICON_NAME = AppIcon;
				ASSETCATALOG_COMPILER_GLOBAL_ACCENT_COLOR_NAME = AccentColor;
				CODE_SIGN_STYLE = Automatic;
				INFOPLIST_FILE = MedicalApplication/Info.plist;
				LD_RUNPATH_SEARCH_PATHS = (
					"$(inherited)",
					"@executable_path/Frameworks",
				);
				PRODUCT_BUNDLE_IDENTIFIER = com.hala.MedicalApplication;
				PRODUCT_NAME = "$(TARGET_NAME)";
				SWIFT_VERSION = 5.0;
				TARGETED_DEVICE_FAMILY = "1,2";
			};
			name = Debug;
		};
		2B0818122621BC4B00DC2C65 /* Release */ = {
			isa = XCBuildConfiguration;
			baseConfigurationReference = 95F3379D552450075AA016C4 /* Pods-MedicalApplication.release.xcconfig */;
			buildSettings = {
				ASSETCATALOG_COMPILER_APPICON_NAME = AppIcon;
				ASSETCATALOG_COMPILER_GLOBAL_ACCENT_COLOR_NAME = AccentColor;
				CODE_SIGN_STYLE = Automatic;
				INFOPLIST_FILE = MedicalApplication/Info.plist;
				LD_RUNPATH_SEARCH_PATHS = (
					"$(inherited)",
					"@executable_path/Frameworks",
				);
				PRODUCT_BUNDLE_IDENTIFIER = com.hala.MedicalApplication;
				PRODUCT_NAME = "$(TARGET_NAME)";
				SWIFT_VERSION = 5.0;
				TARGETED_DEVICE_FAMILY = "1,2";
			};
			name = Release;
		};
/* End XCBuildConfiguration section */

/* Begin XCConfigurationList section */
		2B0817F72621BC4A00DC2C65 /* Build configuration list for PBXProject "MedicalApplication" */ = {
			isa = XCConfigurationList;
			buildConfigurations = (
				2B08180E2621BC4B00DC2C65 /* Debug */,
				2B08180F2621BC4B00DC2C65 /* Release */,
			);
			defaultConfigurationIsVisible = 0;
			defaultConfigurationName = Release;
		};
		2B0818102621BC4B00DC2C65 /* Build configuration list for PBXNativeTarget "MedicalApplication" */ = {
			isa = XCConfigurationList;
			buildConfigurations = (
				2B0818112621BC4B00DC2C65 /* Debug */,
				2B0818122621BC4B00DC2C65 /* Release */,
			);
			defaultConfigurationIsVisible = 0;
			defaultConfigurationName = Release;
		};
/* End XCConfigurationList section */
	};
	rootObject = 2B0817F42621BC4A00DC2C65 /* Project object */;
}
