// !$*UTF8*$!
{
	archiveVersion = 1;
	classes = {
	};
	objectVersion = 50;
	objects = {

/* Begin PBXBuildFile section */
		2B0818002621BC4A00DC2C65 /* AppDelegate.swift in Sources */ = {isa = PBXBuildFile; fileRef = 2B0817FF2621BC4A00DC2C65 /* AppDelegate.swift */; };
		2B0818022621BC4A00DC2C65 /* SceneDelegate.swift in Sources */ = {isa = PBXBuildFile; fileRef = 2B0818012621BC4A00DC2C65 /* SceneDelegate.swift */; };
		2B0818042621BC4A00DC2C65 /* ViewController.swift in Sources */ = {isa = PBXBuildFile; fileRef = 2B0818032621BC4A00DC2C65 /* ViewController.swift */; };
		2B0818072621BC4A00DC2C65 /* Main.storyboard in Resources */ = {isa = PBXBuildFile; fileRef = 2B0818052621BC4A00DC2C65 /* Main.storyboard */; };
		2B0818092621BC4B00DC2C65 /* Assets.xcassets in Resources */ = {isa = PBXBuildFile; fileRef = 2B0818082621BC4B00DC2C65 /* Assets.xcassets */; };
		2B08180C2621BC4B00DC2C65 /* LaunchScreen.storyboard in Resources */ = {isa = PBXBuildFile; fileRef = 2B08180A2621BC4B00DC2C65 /* LaunchScreen.storyboard */; };
/* End PBXBuildFile section */

/* Begin PBXFileReference section */
		2B0817FC2621BC4A00DC2C65 /* MedicalApplication.app */ = {isa = PBXFileReference; explicitFileType = wrapper.application; includeInIndex = 0; path = MedicalApplication.app; sourceTree = BUILT_PRODUCTS_DIR; };
		2B0817FF2621BC4A00DC2C65 /* AppDelegate.swift */ = {isa = PBXFileReference; lastKnownFileType = sourcecode.swift; path = AppDelegate.swift; sourceTree = "<group>"; };
		2B0818012621BC4A00DC2C65 /* SceneDelegate.swift */ = {isa = PBXFileReference; lastKnownFileType = sourcecode.swift; path = SceneDelegate.swift; sourceTree = "<group>"; };
		2B0818032621BC4A00DC2C65 /* ViewController.swift */ = {isa = PBXFileReference; lastKnownFileType = sourcecode.swift; path = ViewController.swift; sourceTree = "<group>"; };
		2B0818062621BC4A00DC2C65 /* Base */ = {isa = PBXFileReference; lastKnownFileType = file.storyboard; name = Base; path = Base.lproj/Main.storyboard; sourceTree = "<group>"; };
		2B0818082621BC4B00DC2C65 /* Assets.xcassets */ = {isa = PBXFileReference; lastKnownFileType = folder.assetcatalog; path = Assets.xcassets; sourceTree = "<group>"; };
		2B08180B2621BC4B00DC2C65 /* Base */ = {isa = PBXFileReference; lastKnownFileType = file.storyboard; name = Base; path = Base.lproj/LaunchScreen.storyboard; sourceTree = "<group>"; };
		2B08180D2621BC4B00DC2C65 /* Info.plist */ = {isa = PBXFileReference; lastKnownFileType = text.plist.xml; path = Info.plist; sourceTree = "<group>"; };
/* End PBXFileReference section */

/* Begin PBXFrameworksBuildPhase section */
		2B0817F92621BC4A00DC2C65 /* Frameworks */ = {
			isa = PBXFrameworksBuildPhase;
			buildActionMask = 2147483647;
			files = (
			);
			runOnlyForDeploymentPostprocessing = 0;
		};
/* End PBXFrameworksBuildPhase section */

/* Begin PBXGroup section */
		2B0817F32621BC4A00DC2C65 = {
			isa = PBXGroup;
			children = (
				2B0817FE2621BC4A00DC2C65 /* MedicalApplication */,
				2B0817FD2621BC4A00DC2C65 /* Products */,
			);
			sourceTree = "<group>";
		};
		2B0817FD2621BC4A00DC2C65 /* Products */ = {
			isa = PBXGroup;
			children = (
				2B0817FC2621BC4A00DC2C65 /* MedicalApplication.app */,
			);
			name = Products;
			sourceTree = "<group>";
		};
		2B0817FE2621BC4A00DC2C65 /* MedicalApplication */ = {
			isa = PBXGroup;
			children = (
				2B0818182621BCAD00DC2C65 /* Delegate */,
				2B0818172621BC9C00DC2C65 /* Assets */,
				2B0818162621BC7300DC2C65 /* Model */,
				2B0818152621BC6400DC2C65 /* Presenter */,
				2B0818142621BC5B00DC2C65 /* View */,
				2B08180D2621BC4B00DC2C65 /* Info.plist */,
			);
			path = MedicalApplication;
			sourceTree = "<group>";
		};
		2B0818142621BC5B00DC2C65 /* View */ = {
			isa = PBXGroup;
			children = (
				2B0818052621BC4A00DC2C65 /* Main.storyboard */,
				2B08180A2621BC4B00DC2C65 /* LaunchScreen.storyboard */,
				2B0818032621BC4A00DC2C65 /* ViewController.swift */,
			);
			path = View;
			sourceTree = "<group>";
		};
		2B0818152621BC6400DC2C65 /* Presenter */ = {
			isa = PBXGroup;
			children = (
			);
			path = Presenter;
			sourceTree = "<group>";
		};
		2B0818162621BC7300DC2C65 /* Model */ = {
			isa = PBXGroup;
			children = (
			);
			path = Model;
			sourceTree = "<group>";
		};
		2B0818172621BC9C00DC2C65 /* Assets */ = {
			isa = PBXGroup;
			children = (
				2B0818082621BC4B00DC2C65 /* Assets.xcassets */,
			);
			path = Assets;
			sourceTree = "<group>";
		};
		2B0818182621BCAD00DC2C65 /* Delegate */ = {
			isa = PBXGroup;
			children = (
				2B0817FF2621BC4A00DC2C65 /* AppDelegate.swift */,
				2B0818012621BC4A00DC2C65 /* SceneDelegate.swift */,
			);
			path = Delegate;
			sourceTree = "<group>";
		};
/* End PBXGroup section */

/* Begin PBXNativeTarget section */
		2B0817FB2621BC4A00DC2C65 /* MedicalApplication */ = {
			isa = PBXNativeTarget;
			buildConfigurationList = 2B0818102621BC4B00DC2C65 /* Build configuration list for PBXNativeTarget "MedicalApplication" */;
			buildPhases = (
				2B0817F82621BC4A00DC2C65 /* Sources */,
				2B0817F92621BC4A00DC2C65 /* Frameworks */,
				2B0817FA2621BC4A00DC2C65 /* Resources */,
			);
			buildRules = (
			);
			dependencies = (
			);
			name = MedicalApplication;
			productName = MedicalApplication;
			productReference = 2B0817FC2621BC4A00DC2C65 /* MedicalApplication.app */;
			productType = "com.apple.product-type.application";
		};
/* End PBXNativeTarget section */

/* Begin PBXProject section */
		2B0817F42621BC4A00DC2C65 /* Project object */ = {
			isa = PBXProject;
			attributes = {
				LastSwiftUpdateCheck = 1240;
				LastUpgradeCheck = 1240;
				TargetAttributes = {
					2B0817FB2621BC4A00DC2C65 = {
						CreatedOnToolsVersion = 12.4;
					};
				};
			};
			buildConfigurationList = 2B0817F72621BC4A00DC2C65 /* Build configuration list for PBXProject "MedicalApplication" */;
			compatibilityVersion = "Xcode 9.3";
			developmentRegion = en;
			hasScannedForEncodings = 0;
			knownRegions = (
				en,
				Base,
			);
			mainGroup = 2B0817F32621BC4A00DC2C65;
			productRefGroup = 2B0817FD2621BC4A00DC2C65 /* Products */;
			projectDirPath = "";
			projectRoot = "";
			targets = (
				2B0817FB2621BC4A00DC2C65 /* MedicalApplication */,
			);
		};
/* End PBXProject section */

/* Begin PBXResourcesBuildPhase section */
		2B0817FA2621BC4A00DC2C65 /* Resources */ = {
			isa = PBXResourcesBuildPhase;
			buildActionMask = 2147483647;
			files = (
				2B08180C2621BC4B00DC2C65 /* LaunchScreen.storyboard in Resources */,
				2B0818092621BC4B00DC2C65 /* Assets.xcassets in Resources */,
				2B0818072621BC4A00DC2C65 /* Main.storyboard in Resources */,
			);
			runOnlyForDeploymentPostprocessing = 0;
		};
/* End PBXResourcesBuildPhase section */

/* Begin PBXSourcesBuildPhase section */
		2B0817F82621BC4A00DC2C65 /* Sources */ = {
			isa = PBXSourcesBuildPhase;
			buildActionMask = 2147483647;
			files = (
				2B0818042621BC4A00DC2C65 /* ViewController.swift in Sources */,
				2B0818002621BC4A00DC2C65 /* AppDelegate.swift in Sources */,
				2B0818022621BC4A00DC2C65 /* SceneDelegate.swift in Sources */,
			);
			runOnlyForDeploymentPostprocessing = 0;
		};
/* End PBXSourcesBuildPhase section */

/* Begin PBXVariantGroup section */
		2B0818052621BC4A00DC2C65 /* Main.storyboard */ = {
			isa = PBXVariantGroup;
			children = (
				2B0818062621BC4A00DC2C65 /* Base */,
			);
			name = Main.storyboard;
			sourceTree = "<group>";
		};
		2B08180A2621BC4B00DC2C65 /* LaunchScreen.storyboard */ = {
			isa = PBXVariantGroup;
			children = (
				2B08180B2621BC4B00DC2C65 /* Base */,
			);
			name = LaunchScreen.storyboard;
			sourceTree = "<group>";
		};
/* End PBXVariantGroup section */

/* Begin XCBuildConfiguration section */
		2B08180E2621BC4B00DC2C65 /* Debug */ = {
			isa = XCBuildConfiguration;
			buildSettings = {
				ALWAYS_SEARCH_USER_PATHS = NO;
				CLANG_ANALYZER_NONNULL = YES;
				CLANG_ANALYZER_NUMBER_OBJECT_CONVERSION = YES_AGGRESSIVE;
				CLANG_CXX_LANGUAGE_STANDARD = "gnu++14";
				CLANG_CXX_LIBRARY = "libc++";
				CLANG_ENABLE_MODULES = YES;
				CLANG_ENABLE_OBJC_ARC = YES;
				CLANG_ENABLE_OBJC_WEAK = YES;
				CLANG_WARN_BLOCK_CAPTURE_AUTORELEASING = YES;
				CLANG_WARN_BOOL_CONVERSION = YES;
				CLANG_WARN_COMMA = YES;
				CLANG_WARN_CONSTANT_CONVERSION = YES;
				CLANG_WARN_DEPRECATED_OBJC_IMPLEMENTATIONS = YES;
				CLANG_WARN_DIRECT_OBJC_ISA_USAGE = YES_ERROR;
				CLANG_WARN_DOCUMENTATION_COMMENTS = YES;
				CLANG_WARN_EMPTY_BODY = YES;
				CLANG_WARN_ENUM_CONVERSION = YES;
				CLANG_WARN_INFINITE_RECURSION = YES;
				CLANG_WARN_INT_CONVERSION = YES;
				CLANG_WARN_NON_LITERAL_NULL_CONVERSION = YES;
				CLANG_WARN_OBJC_IMPLICIT_RETAIN_SELF = YES;
				CLANG_WARN_OBJC_LITERAL_CONVERSION = YES;
				CLANG_WARN_OBJC_ROOT_CLASS = YES_ERROR;
				CLANG_WARN_QUOTED_INCLUDE_IN_FRAMEWORK_HEADER = YES;
				CLANG_WARN_RANGE_LOOP_ANALYSIS = YES;
				CLANG_WARN_STRICT_PROTOTYPES = YES;
				CLANG_WARN_SUSPICIOUS_MOVE = YES;
				CLANG_WARN_UNGUARDED_AVAILABILITY = YES_AGGRESSIVE;
				CLANG_WARN_UNREACHABLE_CODE = YES;
				CLANG_WARN__DUPLICATE_METHOD_MATCH = YES;
				COPY_PHASE_STRIP = NO;
				DEBUG_INFORMATION_FORMAT = dwarf;
				ENABLE_STRICT_OBJC_MSGSEND = YES;
				ENABLE_TESTABILITY = YES;
				GCC_C_LANGUAGE_STANDARD = gnu11;
				GCC_DYNAMIC_NO_PIC = NO;
				GCC_NO_COMMON_BLOCKS = YES;
				GCC_OPTIMIZATION_LEVEL = 0;
				GCC_PREPROCESSOR_DEFINITIONS = (
					"DEBUG=1",
					"$(inherited)",
				);
				GCC_WARN_64_TO_32_BIT_CONVERSION = YES;
				GCC_WARN_ABOUT_RETURN_TYPE = YES_ERROR;
				GCC_WARN_UNDECLARED_SELECTOR = YES;
				GCC_WARN_UNINITIALIZED_AUTOS = YES_AGGRESSIVE;
				GCC_WARN_UNUSED_FUNCTION = YES;
				GCC_WARN_UNUSED_VARIABLE = YES;
				IPHONEOS_DEPLOYMENT_TARGET = 14.4;
				MTL_ENABLE_DEBUG_INFO = INCLUDE_SOURCE;
				MTL_FAST_MATH = YES;
				ONLY_ACTIVE_ARCH = YES;
				SDKROOT = iphoneos;
				SWIFT_ACTIVE_COMPILATION_CONDITIONS = DEBUG;
				SWIFT_OPTIMIZATION_LEVEL = "-Onone";
			};
			name = Debug;
		};
		2B08180F2621BC4B00DC2C65 /* Release */ = {
			isa = XCBuildConfiguration;
			buildSettings = {
				ALWAYS_SEARCH_USER_PATHS = NO;
				CLANG_ANALYZER_NONNULL = YES;
				CLANG_ANALYZER_NUMBER_OBJECT_CONVERSION = YES_AGGRESSIVE;
				CLANG_CXX_LANGUAGE_STANDARD = "gnu++14";
				CLANG_CXX_LIBRARY = "libc++";
				CLANG_ENABLE_MODULES = YES;
				CLANG_ENABLE_OBJC_ARC = YES;
				CLANG_ENABLE_OBJC_WEAK = YES;
				CLANG_WARN_BLOCK_CAPTURE_AUTORELEASING = YES;
				CLANG_WARN_BOOL_CONVERSION = YES;
				CLANG_WARN_COMMA = YES;
				CLANG_WARN_CONSTANT_CONVERSION = YES;
				CLANG_WARN_DEPRECATED_OBJC_IMPLEMENTATIONS = YES;
				CLANG_WARN_DIRECT_OBJC_ISA_USAGE = YES_ERROR;
				CLANG_WARN_DOCUMENTATION_COMMENTS = YES;
				CLANG_WARN_EMPTY_BODY = YES;
				CLANG_WARN_ENUM_CONVERSION = YES;
				CLANG_WARN_INFINITE_RECURSION = YES;
				CLANG_WARN_INT_CONVERSION = YES;
				CLANG_WARN_NON_LITERAL_NULL_CONVERSION = YES;
				CLANG_WARN_OBJC_IMPLICIT_RETAIN_SELF = YES;
				CLANG_WARN_OBJC_LITERAL_CONVERSION = YES;
				CLANG_WARN_OBJC_ROOT_CLASS = YES_ERROR;
				CLANG_WARN_QUOTED_INCLUDE_IN_FRAMEWORK_HEADER = YES;
				CLANG_WARN_RANGE_LOOP_ANALYSIS = YES;
				CLANG_WARN_STRICT_PROTOTYPES = YES;
				CLANG_WARN_SUSPICIOUS_MOVE = YES;
				CLANG_WARN_UNGUARDED_AVAILABILITY = YES_AGGRESSIVE;
				CLANG_WARN_UNREACHABLE_CODE = YES;
				CLANG_WARN__DUPLICATE_METHOD_MATCH = YES;
				COPY_PHASE_STRIP = NO;
				DEBUG_INFORMATION_FORMAT = "dwarf-with-dsym";
				ENABLE_NS_ASSERTIONS = NO;
				ENABLE_STRICT_OBJC_MSGSEND = YES;
				GCC_C_LANGUAGE_STANDARD = gnu11;
				GCC_NO_COMMON_BLOCKS = YES;
				GCC_WARN_64_TO_32_BIT_CONVERSION = YES;
				GCC_WARN_ABOUT_RETURN_TYPE = YES_ERROR;
				GCC_WARN_UNDECLARED_SELECTOR = YES;
				GCC_WARN_UNINITIALIZED_AUTOS = YES_AGGRESSIVE;
				GCC_WARN_UNUSED_FUNCTION = YES;
				GCC_WARN_UNUSED_VARIABLE = YES;
				IPHONEOS_DEPLOYMENT_TARGET = 14.4;
				MTL_ENABLE_DEBUG_INFO = NO;
				MTL_FAST_MATH = YES;
				SDKROOT = iphoneos;
				SWIFT_COMPILATION_MODE = wholemodule;
				SWIFT_OPTIMIZATION_LEVEL = "-O";
				VALIDATE_PRODUCT = YES;
			};
			name = Release;
		};
		2B0818112621BC4B00DC2C65 /* Debug */ = {
			isa = XCBuildConfiguration;
			buildSettings = {
				ASSETCATALOG_COMPILER_APPICON_NAME = AppIcon;
				ASSETCATALOG_COMPILER_GLOBAL_ACCENT_COLOR_NAME = AccentColor;
				CODE_SIGN_STYLE = Automatic;
				INFOPLIST_FILE = MedicalApplication/Info.plist;
				LD_RUNPATH_SEARCH_PATHS = (
					"$(inherited)",
					"@executable_path/Frameworks",
				);
				PRODUCT_BUNDLE_IDENTIFIER = com.hala.MedicalApplication;
				PRODUCT_NAME = "$(TARGET_NAME)";
				SWIFT_VERSION = 5.0;
				TARGETED_DEVICE_FAMILY = "1,2";
			};
			name = Debug;
		};
		2B0818122621BC4B00DC2C65 /* Release */ = {
			isa = XCBuildConfiguration;
			buildSettings = {
				ASSETCATALOG_COMPILER_APPICON_NAME = AppIcon;
				ASSETCATALOG_COMPILER_GLOBAL_ACCENT_COLOR_NAME = AccentColor;
				CODE_SIGN_STYLE = Automatic;
				INFOPLIST_FILE = MedicalApplication/Info.plist;
				LD_RUNPATH_SEARCH_PATHS = (
					"$(inherited)",
					"@executable_path/Frameworks",
				);
				PRODUCT_BUNDLE_IDENTIFIER = com.hala.MedicalApplication;
				PRODUCT_NAME = "$(TARGET_NAME)";
				SWIFT_VERSION = 5.0;
				TARGETED_DEVICE_FAMILY = "1,2";
			};
			name = Release;
		};
/* End XCBuildConfiguration section */

/* Begin XCConfigurationList section */
		2B0817F72621BC4A00DC2C65 /* Build configuration list for PBXProject "MedicalApplication" */ = {
			isa = XCConfigurationList;
			buildConfigurations = (
				2B08180E2621BC4B00DC2C65 /* Debug */,
				2B08180F2621BC4B00DC2C65 /* Release */,
			);
			defaultConfigurationIsVisible = 0;
			defaultConfigurationName = Release;
		};
		2B0818102621BC4B00DC2C65 /* Build configuration list for PBXNativeTarget "MedicalApplication" */ = {
			isa = XCConfigurationList;
			buildConfigurations = (
				2B0818112621BC4B00DC2C65 /* Debug */,
				2B0818122621BC4B00DC2C65 /* Release */,
			);
			defaultConfigurationIsVisible = 0;
			defaultConfigurationName = Release;
		};
/* End XCConfigurationList section */
	};
	rootObject = 2B0817F42621BC4A00DC2C65 /* Project object */;
}
